
Microsoft Visual Studio Solution File, Format Version 12.00
# Visual Studio Version 17
VisualStudioVersion = 17.13.35931.197 d17.13
MinimumVisualStudioVersion = 10.0.40219.1
Project("{FAE04EC0-301F-11D3-BF4B-00C04F79EFBC}") = "Bloggie.Web", "Bloggie.Web\Bloggie.Web.csproj", "{77A2EFB7-01D5-4ABA-90FB-71B4B193699C}"
EndProject
Global
	GlobalSection(SolutionConfigurationPlatforms) = preSolution
		Debug|Any CPU = Debug|Any CPU
		Release|Any CPU = Release|Any CPU
	EndGlobalSection
	GlobalSection(ProjectConfigurationPlatforms) = postSolution
		{77A2EFB7-01D5-4ABA-90FB-71B4B193699C}.Debug|Any CPU.ActiveCfg = Debug|Any CPU
		{77A2EFB7-01D5-4ABA-90FB-71B4B193699C}.Debug|Any CPU.Build.0 = Debug|Any CPU
		{77A2EFB7-01D5-4ABA-90FB-71B4B193699C}.Release|Any CPU.ActiveCfg = Release|Any CPU
		{77A2EFB7-01D5-4ABA-90FB-71B4B193699C}.Release|Any CPU.Build.0 = Release|Any CPU
	EndGlobalSection
	GlobalSection(SolutionProperties) = preSolution
		HideSolutionNode = FALSE
	EndGlobalSection
	GlobalSection(ExtensibilityGlobals) = postSolution
		SolutionGuid = {0AF29B09-F229-460F-8C1D-FFD64B6A33A9}
	EndGlobalSection
EndGlobal
